
Microsoft Visual Studio Solution File, Format Version 12.00
# Visual Studio Version 16
VisualStudioVersion = 16.0.29009.5
MinimumVisualStudioVersion = 10.0.40219.1
Project("{9A19103F-16F7-4668-BE54-9A1E7A4F7556}") = "Faculty.Api", "Faculty.Api\Faculty.Api.csproj", "{9D96B894-58EE-4CA4-9C93-8B05D481637E}"
EndProject
Project("{FAE04EC0-301F-11D3-BF4B-00C04F79EFBC}") = "Faculty.Api.Models", "Faculty.Api.Models\Faculty.Api.Models.csproj", "{40CA9E39-193C-4325-98FB-8B086A71BB32}"
EndProject
Project("{FAE04EC0-301F-11D3-BF4B-00C04F79EFBC}") = "Faculty.DAL", "Faculty.DAL\Faculty.DAL.csproj", "{74FFD419-1509-4F5C-9B5A-A8154A220990}"
EndProject
Global
	GlobalSection(SolutionConfigurationPlatforms) = preSolution
		Debug|Any CPU = Debug|Any CPU
		Release|Any CPU = Release|Any CPU
	EndGlobalSection
	GlobalSection(ProjectConfigurationPlatforms) = postSolution
		{9D96B894-58EE-4CA4-9C93-8B05D481637E}.Debug|Any CPU.ActiveCfg = Debug|Any CPU
		{9D96B894-58EE-4CA4-9C93-8B05D481637E}.Debug|Any CPU.Build.0 = Debug|Any CPU
		{9D96B894-58EE-4CA4-9C93-8B05D481637E}.Release|Any CPU.ActiveCfg = Release|Any CPU
		{9D96B894-58EE-4CA4-9C93-8B05D481637E}.Release|Any CPU.Build.0 = Release|Any CPU
		{40CA9E39-193C-4325-98FB-8B086A71BB32}.Debug|Any CPU.ActiveCfg = Debug|Any CPU
		{40CA9E39-193C-4325-98FB-8B086A71BB32}.Debug|Any CPU.Build.0 = Debug|Any CPU
		{40CA9E39-193C-4325-98FB-8B086A71BB32}.Release|Any CPU.ActiveCfg = Release|Any CPU
		{40CA9E39-193C-4325-98FB-8B086A71BB32}.Release|Any CPU.Build.0 = Release|Any CPU
		{74FFD419-1509-4F5C-9B5A-A8154A220990}.Debug|Any CPU.ActiveCfg = Debug|Any CPU
		{74FFD419-1509-4F5C-9B5A-A8154A220990}.Debug|Any CPU.Build.0 = Debug|Any CPU
		{74FFD419-1509-4F5C-9B5A-A8154A220990}.Release|Any CPU.ActiveCfg = Release|Any CPU
		{74FFD419-1509-4F5C-9B5A-A8154A220990}.Release|Any CPU.Build.0 = Release|Any CPU
	EndGlobalSection
	GlobalSection(SolutionProperties) = preSolution
		HideSolutionNode = FALSE
	EndGlobalSection
	GlobalSection(ExtensibilityGlobals) = postSolution
		SolutionGuid = {7BA86161-A5EF-49BA-A1B7-001E303C0E90}
	EndGlobalSection
EndGlobal
